
Microsoft Visual Studio Solution File, Format Version 12.00
# Visual Studio Version 16
VisualStudioVersion = 16.0.30611.23
MinimumVisualStudioVersion = 10.0.40219.1
Project("{FAE04EC0-301F-11D3-BF4B-00C04F79EFBC}") = "Dimension_Data_Collab", "Dimension_Data_Collab\Dimension_Data_Collab.csproj", "{06CAB7EB-49BB-4F92-8DE4-0A3F06E34CE6}"
EndProject
Global
	GlobalSection(SolutionConfigurationPlatforms) = preSolution
		Debug|Any CPU = Debug|Any CPU
		Release|Any CPU = Release|Any CPU
	EndGlobalSection
	GlobalSection(ProjectConfigurationPlatforms) = postSolution
		{06CAB7EB-49BB-4F92-8DE4-0A3F06E34CE6}.Debug|Any CPU.ActiveCfg = Debug|Any CPU
		{06CAB7EB-49BB-4F92-8DE4-0A3F06E34CE6}.Debug|Any CPU.Build.0 = Debug|Any CPU
		{06CAB7EB-49BB-4F92-8DE4-0A3F06E34CE6}.Release|Any CPU.ActiveCfg = Release|Any CPU
		{06CAB7EB-49BB-4F92-8DE4-0A3F06E34CE6}.Release|Any CPU.Build.0 = Release|Any CPU
	EndGlobalSection
	GlobalSection(SolutionProperties) = preSolution
		HideSolutionNode = FALSE
	EndGlobalSection
	GlobalSection(ExtensibilityGlobals) = postSolution
		SolutionGuid = {3545B47A-64D9-4290-84FF-0FD742FDDA49}
	EndGlobalSection
EndGlobal
